Microsoft Visual Studio Solution File, Format Version 11.00
# Visual Studio 2010
Project("{2150E333-8FDC-42A3-9474-1A3956D46DE8}") = "Libs", "Libs", "{B8844348-EB27-4BF5-BD8A-6DDC8C86BA5D}"
EndProject
Project("{8BC9CEB8-8B4A-11D0-8D11-00A0C91BC942}") = "LibExif", "Libraries\LibExif\LibExif.vcxproj", "{2B9DD073-260F-4E6A-89D5-36FC8B3DE287}"
EndProject
Project("{8BC9CEB8-8B4A-11D0-8D11-00A0C91BC942}") = "LibExpat", "Libraries\expat\LibExpat\LibExpat.vcxproj", "{307DFC5B-AEB0-4523-AC4D-F55506A01036}"
EndProject
Project("{8BC9CEB8-8B4A-11D0-8D11-00A0C91BC942}") = "ImageWalker", "Source\Main\ImageWalkerX.vcxproj", "{BE60B8A6-8C12-48B3-AEC2-BF764BE92B49}"
EndProject
Project("{8BC9CEB8-8B4A-11D0-8D11-00A0C91BC942}") = "LibSQLite", "Libraries\LibSQLite\LibSQLite.vcxproj", "{06D3B3E6-E65E-4606-A634-6BA51F96AF70}"
EndProject
Project("{8BC9CEB8-8B4A-11D0-8D11-00A0C91BC942}") = "ShellExtensions", "Source\ShellExtensions\ShellExtensions.vcxproj", "{B2800977-5BD4-4D9E-AF74-52E657B3B86C}"
EndProject
Project("{8BC9CEB8-8B4A-11D0-8D11-00A0C91BC942}") = "LibMySpell", "Libraries\myspell\LibMySpell\LibMySpell.vcxproj", "{02126C21-B27A-432F-B7D7-C70A7CA60808}"
EndProject
Project("{8BC9CEB8-8B4A-11D0-8D11-00A0C91BC942}") = "ZLib", "Libraries\FreeImage\Source\ZLib\ZLib.2008.vcxproj", "{E03DE1FB-1BDD-43C6-A444-8C18DA232BBC}"
EndProject
Project("{8BC9CEB8-8B4A-11D0-8D11-00A0C91BC942}") = "FreeImageLib", "Libraries\FreeImage\Source\FreeImageLib\FreeImageLib.2008.vcxproj", "{6121D045-784F-4EC1-8C3F-75EF7049FD98}"
EndProject
Project("{8BC9CEB8-8B4A-11D0-8D11-00A0C91BC942}") = "LibJPEG", "Libraries\FreeImage\Source\LibJPEG\LibJPEG.2008.vcxproj", "{E45AC07A-2F6E-42BD-947B-4A74E60C91A9}"
EndProject
Project("{8BC9CEB8-8B4A-11D0-8D11-00A0C91BC942}") = "LibMNG", "Libraries\FreeImage\Source\LibMNG\LibMNG.2008.vcxproj", "{24FDADBA-677E-4401-86BC-C2EB18F3E6F4}"
EndProject
Project("{8BC9CEB8-8B4A-11D0-8D11-00A0C91BC942}") = "LibOpenJPEG", "Libraries\FreeImage\Source\LibOpenJPEG\LibOpenJPEG.2008.vcxproj", "{9C189120-9179-4AB4-9089-D45024E84214}"
EndProject
Project("{8BC9CEB8-8B4A-11D0-8D11-00A0C91BC942}") = "LibPNG", "Libraries\FreeImage\Source\LibPNG\LibPNG.2008.vcxproj", "{198D8880-ABF8-4791-BC9E-B6264452B28A}"
EndProject
Project("{8BC9CEB8-8B4A-11D0-8D11-00A0C91BC942}") = "LibRaw", "Libraries\FreeImage\Source\LibRawLite\LibRawLite.2008.vcxproj", "{584CC461-72E9-4EFF-BE11-0BAE80E10872}"
EndProject
Project("{8BC9CEB8-8B4A-11D0-8D11-00A0C91BC942}") = "LibTIFF", "Libraries\FreeImage\Source\LibTIFF\LibTIFF.2008.vcxproj", "{33569FA4-FC78-439D-9181-0BA613CAE87E}"
EndProject
Project("{8BC9CEB8-8B4A-11D0-8D11-00A0C91BC942}") = "OpenEXR", "Libraries\FreeImage\Source\OpenEXR\OpenEXR.2008.vcxproj", "{7F5A0E42-8929-4BCE-89D5-F90C6B492599}"
EndProject
Project("{8BC9CEB8-8B4A-11D0-8D11-00A0C91BC942}") = "XMPCore", "Libraries\XmpToolkitSdk\build\vsnet8\XMPCore.vcxproj", "{C5BB1536-3776-4474-861D-B5923C610FE4}"
EndProject
Project("{8BC9CEB8-8B4A-11D0-8D11-00A0C91BC942}") = "XMPFiles", "Libraries\XmpToolkitSdk\build\vsnet8\XMPFiles.vcxproj", "{B9A2E1F1-4E5C-49AC-B052-604CAE21F56E}"
EndProject
Global
	GlobalSection(SolutionConfigurationPlatforms) = preSolution
		Debug|Win32 = Debug|Win32
		Release|Win32 = Release|Win32
	EndGlobalSection
	GlobalSection(ProjectConfigurationPlatforms) = postSolution
		{2B9DD073-260F-4E6A-89D5-36FC8B3DE287}.Debug|Win32.ActiveCfg = Debug|Win32
		{2B9DD073-260F-4E6A-89D5-36FC8B3DE287}.Debug|Win32.Build.0 = Debug|Win32
		{2B9DD073-260F-4E6A-89D5-36FC8B3DE287}.Release|Win32.ActiveCfg = Release|Win32
		{2B9DD073-260F-4E6A-89D5-36FC8B3DE287}.Release|Win32.Build.0 = Release|Win32
		{307DFC5B-AEB0-4523-AC4D-F55506A01036}.Debug|Win32.ActiveCfg = Debug|Win32
		{307DFC5B-AEB0-4523-AC4D-F55506A01036}.Debug|Win32.Build.0 = Debug|Win32
		{307DFC5B-AEB0-4523-AC4D-F55506A01036}.Release|Win32.ActiveCfg = Release|Win32
		{307DFC5B-AEB0-4523-AC4D-F55506A01036}.Release|Win32.Build.0 = Release|Win32
		{BE60B8A6-8C12-48B3-AEC2-BF764BE92B49}.Debug|Win32.ActiveCfg = Debug|Win32
		{BE60B8A6-8C12-48B3-AEC2-BF764BE92B49}.Debug|Win32.Build.0 = Debug|Win32
		{BE60B8A6-8C12-48B3-AEC2-BF764BE92B49}.Release|Win32.ActiveCfg = Release|Win32
		{BE60B8A6-8C12-48B3-AEC2-BF764BE92B49}.Release|Win32.Build.0 = Release|Win32
		{06D3B3E6-E65E-4606-A634-6BA51F96AF70}.Debug|Win32.ActiveCfg = Debug|Win32
		{06D3B3E6-E65E-4606-A634-6BA51F96AF70}.Debug|Win32.Build.0 = Debug|Win32
		{06D3B3E6-E65E-4606-A634-6BA51F96AF70}.Release|Win32.ActiveCfg = Release|Win32
		{06D3B3E6-E65E-4606-A634-6BA51F96AF70}.Release|Win32.Build.0 = Release|Win32
		{B2800977-5BD4-4D9E-AF74-52E657B3B86C}.Debug|Win32.ActiveCfg = Debug|Win32
		{B2800977-5BD4-4D9E-AF74-52E657B3B86C}.Debug|Win32.Build.0 = Debug|Win32
		{B2800977-5BD4-4D9E-AF74-52E657B3B86C}.Release|Win32.ActiveCfg = Release|Win32
		{B2800977-5BD4-4D9E-AF74-52E657B3B86C}.Release|Win32.Build.0 = Release|Win32
		{02126C21-B27A-432F-B7D7-C70A7CA60808}.Debug|Win32.ActiveCfg = Debug|Win32
		{02126C21-B27A-432F-B7D7-C70A7CA60808}.Debug|Win32.Build.0 = Debug|Win32
		{02126C21-B27A-432F-B7D7-C70A7CA60808}.Release|Win32.ActiveCfg = Release|Win32
		{02126C21-B27A-432F-B7D7-C70A7CA60808}.Release|Win32.Build.0 = Release|Win32
		{E03DE1FB-1BDD-43C6-A444-8C18DA232BBC}.Debug|Win32.ActiveCfg = Debug|Win32
		{E03DE1FB-1BDD-43C6-A444-8C18DA232BBC}.Debug|Win32.Build.0 = Debug|Win32
		{E03DE1FB-1BDD-43C6-A444-8C18DA232BBC}.Release|Win32.ActiveCfg = Release|Win32
		{E03DE1FB-1BDD-43C6-A444-8C18DA232BBC}.Release|Win32.Build.0 = Release|Win32
		{6121D045-784F-4EC1-8C3F-75EF7049FD98}.Debug|Win32.ActiveCfg = Debug|Win32
		{6121D045-784F-4EC1-8C3F-75EF7049FD98}.Debug|Win32.Build.0 = Debug|Win32
		{6121D045-784F-4EC1-8C3F-75EF7049FD98}.Release|Win32.ActiveCfg = Release|Win32
		{6121D045-784F-4EC1-8C3F-75EF7049FD98}.Release|Win32.Build.0 = Release|Win32
		{E45AC07A-2F6E-42BD-947B-4A74E60C91A9}.Debug|Win32.ActiveCfg = Debug|Win32
		{E45AC07A-2F6E-42BD-947B-4A74E60C91A9}.Debug|Win32.Build.0 = Debug|Win32
		{E45AC07A-2F6E-42BD-947B-4A74E60C91A9}.Release|Win32.ActiveCfg = Release|Win32
		{E45AC07A-2F6E-42BD-947B-4A74E60C91A9}.Release|Win32.Build.0 = Release|Win32
		{24FDADBA-677E-4401-86BC-C2EB18F3E6F4}.Debug|Win32.ActiveCfg = Debug|Win32
		{24FDADBA-677E-4401-86BC-C2EB18F3E6F4}.Debug|Win32.Build.0 = Debug|Win32
		{24FDADBA-677E-4401-86BC-C2EB18F3E6F4}.Release|Win32.ActiveCfg = Release|Win32
		{24FDADBA-677E-4401-86BC-C2EB18F3E6F4}.Release|Win32.Build.0 = Release|Win32
		{9C189120-9179-4AB4-9089-D45024E84214}.Debug|Win32.ActiveCfg = Debug|Win32
		{9C189120-9179-4AB4-9089-D45024E84214}.Debug|Win32.Build.0 = Debug|Win32
		{9C189120-9179-4AB4-9089-D45024E84214}.Release|Win32.ActiveCfg = Release|Win32
		{9C189120-9179-4AB4-9089-D45024E84214}.Release|Win32.Build.0 = Release|Win32
		{198D8880-ABF8-4791-BC9E-B6264452B28A}.Debug|Win32.ActiveCfg = Debug|Win32
		{198D8880-ABF8-4791-BC9E-B6264452B28A}.Debug|Win32.Build.0 = Debug|Win32
		{198D8880-ABF8-4791-BC9E-B6264452B28A}.Release|Win32.ActiveCfg = Release|Win32
		{198D8880-ABF8-4791-BC9E-B6264452B28A}.Release|Win32.Build.0 = Release|Win32
		{584CC461-72E9-4EFF-BE11-0BAE80E10872}.Debug|Win32.ActiveCfg = Debug|Win32
		{584CC461-72E9-4EFF-BE11-0BAE80E10872}.Debug|Win32.Build.0 = Debug|Win32
		{584CC461-72E9-4EFF-BE11-0BAE80E10872}.Release|Win32.ActiveCfg = Release|Win32
		{584CC461-72E9-4EFF-BE11-0BAE80E10872}.Release|Win32.Build.0 = Release|Win32
		{33569FA4-FC78-439D-9181-0BA613CAE87E}.Debug|Win32.ActiveCfg = Debug|Win32
		{33569FA4-FC78-439D-9181-0BA613CAE87E}.Debug|Win32.Build.0 = Debug|Win32
		{33569FA4-FC78-439D-9181-0BA613CAE87E}.Release|Win32.ActiveCfg = Release|Win32
		{33569FA4-FC78-439D-9181-0BA613CAE87E}.Release|Win32.Build.0 = Release|Win32
		{7F5A0E42-8929-4BCE-89D5-F90C6B492599}.Debug|Win32.ActiveCfg = Debug|Win32
		{7F5A0E42-8929-4BCE-89D5-F90C6B492599}.Debug|Win32.Build.0 = Debug|Win32
		{7F5A0E42-8929-4BCE-89D5-F90C6B492599}.Release|Win32.ActiveCfg = Release|Win32
		{7F5A0E42-8929-4BCE-89D5-F90C6B492599}.Release|Win32.Build.0 = Release|Win32
		{C5BB1536-3776-4474-861D-B5923C610FE4}.Debug|Win32.ActiveCfg = Debug|Win32
		{C5BB1536-3776-4474-861D-B5923C610FE4}.Debug|Win32.Build.0 = Debug|Win32
		{C5BB1536-3776-4474-861D-B5923C610FE4}.Release|Win32.ActiveCfg = Release|Win32
		{C5BB1536-3776-4474-861D-B5923C610FE4}.Release|Win32.Build.0 = Release|Win32
		{B9A2E1F1-4E5C-49AC-B052-604CAE21F56E}.Debug|Win32.ActiveCfg = Debug|Win32
		{B9A2E1F1-4E5C-49AC-B052-604CAE21F56E}.Debug|Win32.Build.0 = Debug|Win32
		{B9A2E1F1-4E5C-49AC-B052-604CAE21F56E}.Release|Win32.ActiveCfg = Release|Win32
		{B9A2E1F1-4E5C-49AC-B052-604CAE21F56E}.Release|Win32.Build.0 = Release|Win32
	EndGlobalSection
	GlobalSection(SolutionProperties) = preSolution
		HideSolutionNode = FALSE
	EndGlobalSection
	GlobalSection(NestedProjects) = preSolution
		{2B9DD073-260F-4E6A-89D5-36FC8B3DE287} = {B8844348-EB27-4BF5-BD8A-6DDC8C86BA5D}
		{307DFC5B-AEB0-4523-AC4D-F55506A01036} = {B8844348-EB27-4BF5-BD8A-6DDC8C86BA5D}
		{06D3B3E6-E65E-4606-A634-6BA51F96AF70} = {B8844348-EB27-4BF5-BD8A-6DDC8C86BA5D}
		{02126C21-B27A-432F-B7D7-C70A7CA60808} = {B8844348-EB27-4BF5-BD8A-6DDC8C86BA5D}
		{E03DE1FB-1BDD-43C6-A444-8C18DA232BBC} = {B8844348-EB27-4BF5-BD8A-6DDC8C86BA5D}
		{6121D045-784F-4EC1-8C3F-75EF7049FD98} = {B8844348-EB27-4BF5-BD8A-6DDC8C86BA5D}
		{E45AC07A-2F6E-42BD-947B-4A74E60C91A9} = {B8844348-EB27-4BF5-BD8A-6DDC8C86BA5D}
		{24FDADBA-677E-4401-86BC-C2EB18F3E6F4} = {B8844348-EB27-4BF5-BD8A-6DDC8C86BA5D}
		{9C189120-9179-4AB4-9089-D45024E84214} = {B8844348-EB27-4BF5-BD8A-6DDC8C86BA5D}
		{198D8880-ABF8-4791-BC9E-B6264452B28A} = {B8844348-EB27-4BF5-BD8A-6DDC8C86BA5D}
		{584CC461-72E9-4EFF-BE11-0BAE80E10872} = {B8844348-EB27-4BF5-BD8A-6DDC8C86BA5D}
		{33569FA4-FC78-439D-9181-0BA613CAE87E} = {B8844348-EB27-4BF5-BD8A-6DDC8C86BA5D}
		{7F5A0E42-8929-4BCE-89D5-F90C6B492599} = {B8844348-EB27-4BF5-BD8A-6DDC8C86BA5D}
		{C5BB1536-3776-4474-861D-B5923C610FE4} = {B8844348-EB27-4BF5-BD8A-6DDC8C86BA5D}
		{B9A2E1F1-4E5C-49AC-B052-604CAE21F56E} = {B8844348-EB27-4BF5-BD8A-6DDC8C86BA5D}
	EndGlobalSection
	GlobalSection(DPCodeReviewSolutionGUID) = preSolution
		DPCodeReviewSolutionGUID = {00000000-0000-0000-0000-000000000000}
	EndGlobalSection
EndGlobal
