Microsoft Visual Studio Solution File, Format Version 12.00
# Visual Studio 2012
Project("{2150E333-8FDC-42A3-9474-1A3956D46DE8}") = "Libs", "Libs", "{B8844348-EB27-4BF5-BD8A-6DDC8C86BA5D}"
EndProject
Project("{8BC9CEB8-8B4A-11D0-8D11-00A0C91BC942}") = "LibExif", "Libraries\LibExif\LibExif.vcxproj", "{2B9DD073-260F-4E6A-89D5-36FC8B3DE287}"
EndProject
Project("{8BC9CEB8-8B4A-11D0-8D11-00A0C91BC942}") = "LibExpat", "Libraries\expat\LibExpat\LibExpat.vcxproj", "{307DFC5B-AEB0-4523-AC4D-F55506A01036}"
EndProject
Project("{8BC9CEB8-8B4A-11D0-8D11-00A0C91BC942}") = "ImageWalker", "Source\Main\ImageWalkerX.vcxproj", "{BE60B8A6-8C12-48B3-AEC2-BF764BE92B49}"
EndProject
Project("{8BC9CEB8-8B4A-11D0-8D11-00A0C91BC942}") = "LibSQLite", "Libraries\LibSQLite\LibSQLite.vcxproj", "{06D3B3E6-E65E-4606-A634-6BA51F96AF70}"
EndProject
Project("{8BC9CEB8-8B4A-11D0-8D11-00A0C91BC942}") = "ShellExtensions", "Source\ShellExtensions\ShellExtensions.vcxproj", "{B2800977-5BD4-4D9E-AF74-52E657B3B86C}"
EndProject
Project("{8BC9CEB8-8B4A-11D0-8D11-00A0C91BC942}") = "LibMySpell", "Libraries\myspell\LibMySpell\LibMySpell.vcxproj", "{02126C21-B27A-432F-B7D7-C70A7CA60808}"
EndProject
Project("{8BC9CEB8-8B4A-11D0-8D11-00A0C91BC942}") = "XMPCore", "Libraries\XmpToolkitSdk\XMPCore.vcxproj", "{C5BB1536-3776-4474-861D-B5923C610FE4}"
EndProject
Project("{8BC9CEB8-8B4A-11D0-8D11-00A0C91BC942}") = "XMPFiles", "Libraries\XmpToolkitSdk\XMPFiles.vcxproj", "{B9A2E1F1-4E5C-49AC-B052-604CAE21F56E}"
EndProject
Project("{8BC9CEB8-8B4A-11D0-8D11-00A0C91BC942}") = "LibJpeg", "Libraries\LibJpeg\LibJpeg.vcxproj", "{2C15C400-4CB7-4EB7-9EC6-4C0716B26706}"
EndProject
Project("{8BC9CEB8-8B4A-11D0-8D11-00A0C91BC942}") = "ZLib", "Libraries\ZLib\ZLib.vcxproj", "{33134F61-C1AD-4B6F-9CEA-503A9F140C52}"
EndProject
Project("{8BC9CEB8-8B4A-11D0-8D11-00A0C91BC942}") = "LibPNG", "Libraries\LibPNG\LibPNG.2008.vcxproj", "{7DB10B50-CE00-4D7A-B322-6824F05D2FCB}"
EndProject
Project("{8BC9CEB8-8B4A-11D0-8D11-00A0C91BC942}") = "LibTIFF", "Libraries\LibTIFF\LibTIFF.vcxproj", "{EC085CBD-E9C3-477F-9A97-CB9D5DA30E27}"
EndProject
Global
	GlobalSection(SolutionConfigurationPlatforms) = preSolution
		Debug|Win32 = Debug|Win32
		Debug|x64 = Debug|x64
		Release|Win32 = Release|Win32
		Release|x64 = Release|x64
	EndGlobalSection
	GlobalSection(ProjectConfigurationPlatforms) = postSolution
		{2B9DD073-260F-4E6A-89D5-36FC8B3DE287}.Debug|Win32.ActiveCfg = Debug|Win32
		{2B9DD073-260F-4E6A-89D5-36FC8B3DE287}.Debug|Win32.Build.0 = Debug|Win32
		{2B9DD073-260F-4E6A-89D5-36FC8B3DE287}.Debug|x64.ActiveCfg = Debug|Win32
		{2B9DD073-260F-4E6A-89D5-36FC8B3DE287}.Release|Win32.ActiveCfg = Release|Win32
		{2B9DD073-260F-4E6A-89D5-36FC8B3DE287}.Release|Win32.Build.0 = Release|Win32
		{2B9DD073-260F-4E6A-89D5-36FC8B3DE287}.Release|x64.ActiveCfg = Release|Win32
		{307DFC5B-AEB0-4523-AC4D-F55506A01036}.Debug|Win32.ActiveCfg = Debug|Win32
		{307DFC5B-AEB0-4523-AC4D-F55506A01036}.Debug|Win32.Build.0 = Debug|Win32
		{307DFC5B-AEB0-4523-AC4D-F55506A01036}.Debug|x64.ActiveCfg = Debug|Win32
		{307DFC5B-AEB0-4523-AC4D-F55506A01036}.Release|Win32.ActiveCfg = Release|Win32
		{307DFC5B-AEB0-4523-AC4D-F55506A01036}.Release|Win32.Build.0 = Release|Win32
		{307DFC5B-AEB0-4523-AC4D-F55506A01036}.Release|x64.ActiveCfg = Release|Win32
		{BE60B8A6-8C12-48B3-AEC2-BF764BE92B49}.Debug|Win32.ActiveCfg = Debug|Win32
		{BE60B8A6-8C12-48B3-AEC2-BF764BE92B49}.Debug|Win32.Build.0 = Debug|Win32
		{BE60B8A6-8C12-48B3-AEC2-BF764BE92B49}.Debug|x64.ActiveCfg = Debug|Win32
		{BE60B8A6-8C12-48B3-AEC2-BF764BE92B49}.Release|Win32.ActiveCfg = Release|Win32
		{BE60B8A6-8C12-48B3-AEC2-BF764BE92B49}.Release|Win32.Build.0 = Release|Win32
		{BE60B8A6-8C12-48B3-AEC2-BF764BE92B49}.Release|x64.ActiveCfg = Release|Win32
		{06D3B3E6-E65E-4606-A634-6BA51F96AF70}.Debug|Win32.ActiveCfg = Debug|Win32
		{06D3B3E6-E65E-4606-A634-6BA51F96AF70}.Debug|Win32.Build.0 = Debug|Win32
		{06D3B3E6-E65E-4606-A634-6BA51F96AF70}.Debug|x64.ActiveCfg = Debug|x64
		{06D3B3E6-E65E-4606-A634-6BA51F96AF70}.Debug|x64.Build.0 = Debug|x64
		{06D3B3E6-E65E-4606-A634-6BA51F96AF70}.Release|Win32.ActiveCfg = Release|Win32
		{06D3B3E6-E65E-4606-A634-6BA51F96AF70}.Release|Win32.Build.0 = Release|Win32
		{06D3B3E6-E65E-4606-A634-6BA51F96AF70}.Release|x64.ActiveCfg = Release|x64
		{06D3B3E6-E65E-4606-A634-6BA51F96AF70}.Release|x64.Build.0 = Release|x64
		{B2800977-5BD4-4D9E-AF74-52E657B3B86C}.Debug|Win32.ActiveCfg = Debug|Win32
		{B2800977-5BD4-4D9E-AF74-52E657B3B86C}.Debug|Win32.Build.0 = Debug|Win32
		{B2800977-5BD4-4D9E-AF74-52E657B3B86C}.Debug|x64.ActiveCfg = Debug|Win32
		{B2800977-5BD4-4D9E-AF74-52E657B3B86C}.Release|Win32.ActiveCfg = Release|Win32
		{B2800977-5BD4-4D9E-AF74-52E657B3B86C}.Release|Win32.Build.0 = Release|Win32
		{B2800977-5BD4-4D9E-AF74-52E657B3B86C}.Release|x64.ActiveCfg = Release|Win32
		{02126C21-B27A-432F-B7D7-C70A7CA60808}.Debug|Win32.ActiveCfg = Debug|Win32
		{02126C21-B27A-432F-B7D7-C70A7CA60808}.Debug|Win32.Build.0 = Debug|Win32
		{02126C21-B27A-432F-B7D7-C70A7CA60808}.Debug|x64.ActiveCfg = Debug|Win32
		{02126C21-B27A-432F-B7D7-C70A7CA60808}.Release|Win32.ActiveCfg = Release|Win32
		{02126C21-B27A-432F-B7D7-C70A7CA60808}.Release|Win32.Build.0 = Release|Win32
		{02126C21-B27A-432F-B7D7-C70A7CA60808}.Release|x64.ActiveCfg = Release|Win32
		{C5BB1536-3776-4474-861D-B5923C610FE4}.Debug|Win32.ActiveCfg = Debug|Win32
		{C5BB1536-3776-4474-861D-B5923C610FE4}.Debug|Win32.Build.0 = Debug|Win32
		{C5BB1536-3776-4474-861D-B5923C610FE4}.Debug|x64.ActiveCfg = Debug|x64
		{C5BB1536-3776-4474-861D-B5923C610FE4}.Debug|x64.Build.0 = Debug|x64
		{C5BB1536-3776-4474-861D-B5923C610FE4}.Release|Win32.ActiveCfg = Release|Win32
		{C5BB1536-3776-4474-861D-B5923C610FE4}.Release|Win32.Build.0 = Release|Win32
		{C5BB1536-3776-4474-861D-B5923C610FE4}.Release|x64.ActiveCfg = Release|x64
		{C5BB1536-3776-4474-861D-B5923C610FE4}.Release|x64.Build.0 = Release|x64
		{B9A2E1F1-4E5C-49AC-B052-604CAE21F56E}.Debug|Win32.ActiveCfg = Debug|Win32
		{B9A2E1F1-4E5C-49AC-B052-604CAE21F56E}.Debug|Win32.Build.0 = Debug|Win32
		{B9A2E1F1-4E5C-49AC-B052-604CAE21F56E}.Debug|x64.ActiveCfg = Debug|x64
		{B9A2E1F1-4E5C-49AC-B052-604CAE21F56E}.Debug|x64.Build.0 = Debug|x64
		{B9A2E1F1-4E5C-49AC-B052-604CAE21F56E}.Release|Win32.ActiveCfg = Release|Win32
		{B9A2E1F1-4E5C-49AC-B052-604CAE21F56E}.Release|Win32.Build.0 = Release|Win32
		{B9A2E1F1-4E5C-49AC-B052-604CAE21F56E}.Release|x64.ActiveCfg = Release|x64
		{B9A2E1F1-4E5C-49AC-B052-604CAE21F56E}.Release|x64.Build.0 = Release|x64
		{2C15C400-4CB7-4EB7-9EC6-4C0716B26706}.Debug|Win32.ActiveCfg = Debug|Win32
		{2C15C400-4CB7-4EB7-9EC6-4C0716B26706}.Debug|Win32.Build.0 = Debug|Win32
		{2C15C400-4CB7-4EB7-9EC6-4C0716B26706}.Debug|x64.ActiveCfg = Debug|Win32
		{2C15C400-4CB7-4EB7-9EC6-4C0716B26706}.Release|Win32.ActiveCfg = Release|Win32
		{2C15C400-4CB7-4EB7-9EC6-4C0716B26706}.Release|Win32.Build.0 = Release|Win32
		{2C15C400-4CB7-4EB7-9EC6-4C0716B26706}.Release|x64.ActiveCfg = Release|Win32
		{33134F61-C1AD-4B6F-9CEA-503A9F140C52}.Debug|Win32.ActiveCfg = Debug|Win32
		{33134F61-C1AD-4B6F-9CEA-503A9F140C52}.Debug|Win32.Build.0 = Debug|Win32
		{33134F61-C1AD-4B6F-9CEA-503A9F140C52}.Debug|x64.ActiveCfg = Debug|x64
		{33134F61-C1AD-4B6F-9CEA-503A9F140C52}.Debug|x64.Build.0 = Debug|x64
		{33134F61-C1AD-4B6F-9CEA-503A9F140C52}.Release|Win32.ActiveCfg = Release|Win32
		{33134F61-C1AD-4B6F-9CEA-503A9F140C52}.Release|Win32.Build.0 = Release|Win32
		{33134F61-C1AD-4B6F-9CEA-503A9F140C52}.Release|x64.ActiveCfg = Release|x64
		{33134F61-C1AD-4B6F-9CEA-503A9F140C52}.Release|x64.Build.0 = Release|x64
		{7DB10B50-CE00-4D7A-B322-6824F05D2FCB}.Debug|Win32.ActiveCfg = Debug|Win32
		{7DB10B50-CE00-4D7A-B322-6824F05D2FCB}.Debug|Win32.Build.0 = Debug|Win32
		{7DB10B50-CE00-4D7A-B322-6824F05D2FCB}.Debug|x64.ActiveCfg = Debug|x64
		{7DB10B50-CE00-4D7A-B322-6824F05D2FCB}.Debug|x64.Build.0 = Debug|x64
		{7DB10B50-CE00-4D7A-B322-6824F05D2FCB}.Release|Win32.ActiveCfg = Release|Win32
		{7DB10B50-CE00-4D7A-B322-6824F05D2FCB}.Release|Win32.Build.0 = Release|Win32
		{7DB10B50-CE00-4D7A-B322-6824F05D2FCB}.Release|x64.ActiveCfg = Release|x64
		{7DB10B50-CE00-4D7A-B322-6824F05D2FCB}.Release|x64.Build.0 = Release|x64
		{EC085CBD-E9C3-477F-9A97-CB9D5DA30E27}.Debug|Win32.ActiveCfg = Debug|Win32
		{EC085CBD-E9C3-477F-9A97-CB9D5DA30E27}.Debug|Win32.Build.0 = Debug|Win32
		{EC085CBD-E9C3-477F-9A97-CB9D5DA30E27}.Debug|x64.ActiveCfg = Debug|x64
		{EC085CBD-E9C3-477F-9A97-CB9D5DA30E27}.Debug|x64.Build.0 = Debug|x64
		{EC085CBD-E9C3-477F-9A97-CB9D5DA30E27}.Release|Win32.ActiveCfg = Release|Win32
		{EC085CBD-E9C3-477F-9A97-CB9D5DA30E27}.Release|Win32.Build.0 = Release|Win32
		{EC085CBD-E9C3-477F-9A97-CB9D5DA30E27}.Release|x64.ActiveCfg = Release|x64
		{EC085CBD-E9C3-477F-9A97-CB9D5DA30E27}.Release|x64.Build.0 = Release|x64
	EndGlobalSection
	GlobalSection(SolutionProperties) = preSolution
		HideSolutionNode = FALSE
	EndGlobalSection
	GlobalSection(NestedProjects) = preSolution
		{2B9DD073-260F-4E6A-89D5-36FC8B3DE287} = {B8844348-EB27-4BF5-BD8A-6DDC8C86BA5D}
		{307DFC5B-AEB0-4523-AC4D-F55506A01036} = {B8844348-EB27-4BF5-BD8A-6DDC8C86BA5D}
		{06D3B3E6-E65E-4606-A634-6BA51F96AF70} = {B8844348-EB27-4BF5-BD8A-6DDC8C86BA5D}
		{02126C21-B27A-432F-B7D7-C70A7CA60808} = {B8844348-EB27-4BF5-BD8A-6DDC8C86BA5D}
		{C5BB1536-3776-4474-861D-B5923C610FE4} = {B8844348-EB27-4BF5-BD8A-6DDC8C86BA5D}
		{B9A2E1F1-4E5C-49AC-B052-604CAE21F56E} = {B8844348-EB27-4BF5-BD8A-6DDC8C86BA5D}
		{2C15C400-4CB7-4EB7-9EC6-4C0716B26706} = {B8844348-EB27-4BF5-BD8A-6DDC8C86BA5D}
		{33134F61-C1AD-4B6F-9CEA-503A9F140C52} = {B8844348-EB27-4BF5-BD8A-6DDC8C86BA5D}
		{7DB10B50-CE00-4D7A-B322-6824F05D2FCB} = {B8844348-EB27-4BF5-BD8A-6DDC8C86BA5D}
		{EC085CBD-E9C3-477F-9A97-CB9D5DA30E27} = {B8844348-EB27-4BF5-BD8A-6DDC8C86BA5D}
	EndGlobalSection
	GlobalSection(DPCodeReviewSolutionGUID) = preSolution
		DPCodeReviewSolutionGUID = {00000000-0000-0000-0000-000000000000}
	EndGlobalSection
EndGlobal
