<?xml version="1.0" encoding="utf-8"?>
<Project ToolsVersion="4.0" xmlns="http://schemas.microsoft.com/developer/msbuild/2003">
  <ItemGroup>
    <Filter Include="Source Files">
      <UniqueIdentifier>{4FC737F1-C7A5-4376-A066-2A32D752A2FF}</UniqueIdentifier>
      <Extensions>cpp;c;cc;cxx;def;odl;idl;hpj;bat;asm;asmx</Extensions>
    </Filter>
    <Filter Include="Header Files">
      <UniqueIdentifier>{93995380-89BD-4b04-88EB-625FBE52EBFB}</UniqueIdentifier>
      <Extensions>h;hpp;hxx;hm;inl;inc;xsd</Extensions>
    </Filter>
    <Filter Include="Resource Files">
      <UniqueIdentifier>{67DA6AB6-F800-4c08-8B7A-83BB121AAD01}</UniqueIdentifier>
      <Extensions>rc;ico;cur;bmp;dlg;rc2;rct;bin;rgs;gif;jpg;jpeg;jpe;resx;tiff;tif;png;wav;mfcribbon-ms</Extensions>
    </Filter>
    <Filter Include="SIMD">
      <UniqueIdentifier>{560598f2-e02e-4334-8e07-df11ecd1e84a}</UniqueIdentifier>
    </Filter>
    <Filter Include="SIMD\asm">
      <UniqueIdentifier>{f1b621df-a481-453a-8667-50398c03831c}</UniqueIdentifier>
    </Filter>
  </ItemGroup>
  <ItemGroup>
    <None Include="ReadMe.txt" />
    <None Include="simd\jsimd_arm_neon.S">
      <Filter>SIMD</Filter>
    </None>
    <None Include="simd\jcolsamp.inc">
      <Filter>SIMD</Filter>
    </None>
    <None Include="simd\jdct.inc">
      <Filter>SIMD</Filter>
    </None>
    <None Include="simd\jsimdext.inc">
      <Filter>SIMD</Filter>
    </None>
    <None Include="simd\jsimdcfg.inc">
      <Filter>SIMD</Filter>
    </None>
  </ItemGroup>
  <ItemGroup>
    <ClCompile Include="jaricom.c">
      <Filter>Source Files</Filter>
    </ClCompile>
    <ClCompile Include="jcapimin.c">
      <Filter>Source Files</Filter>
    </ClCompile>
    <ClCompile Include="jcapistd.c">
      <Filter>Source Files</Filter>
    </ClCompile>
    <ClCompile Include="jcarith.c">
      <Filter>Source Files</Filter>
    </ClCompile>
    <ClCompile Include="jccoefct.c">
      <Filter>Source Files</Filter>
    </ClCompile>
    <ClCompile Include="jccolor.c">
      <Filter>Source Files</Filter>
    </ClCompile>
    <ClCompile Include="jcdctmgr.c">
      <Filter>Source Files</Filter>
    </ClCompile>
    <ClCompile Include="jchuff.c">
      <Filter>Source Files</Filter>
    </ClCompile>
    <ClCompile Include="jcinit.c">
      <Filter>Source Files</Filter>
    </ClCompile>
    <ClCompile Include="jcmainct.c">
      <Filter>Source Files</Filter>
    </ClCompile>
    <ClCompile Include="jcmarker.c">
      <Filter>Source Files</Filter>
    </ClCompile>
    <ClCompile Include="jcmaster.c">
      <Filter>Source Files</Filter>
    </ClCompile>
    <ClCompile Include="jcomapi.c">
      <Filter>Source Files</Filter>
    </ClCompile>
    <ClCompile Include="jcparam.c">
      <Filter>Source Files</Filter>
    </ClCompile>
    <ClCompile Include="jcphuff.c">
      <Filter>Source Files</Filter>
    </ClCompile>
    <ClCompile Include="jcprepct.c">
      <Filter>Source Files</Filter>
    </ClCompile>
    <ClCompile Include="jcsample.c">
      <Filter>Source Files</Filter>
    </ClCompile>
    <ClCompile Include="jcstest.c">
      <Filter>Source Files</Filter>
    </ClCompile>
    <ClCompile Include="jctrans.c">
      <Filter>Source Files</Filter>
    </ClCompile>
    <ClCompile Include="jdapimin.c">
      <Filter>Source Files</Filter>
    </ClCompile>
    <ClCompile Include="jdapistd.c">
      <Filter>Source Files</Filter>
    </ClCompile>
    <ClCompile Include="jdarith.c">
      <Filter>Source Files</Filter>
    </ClCompile>
    <ClCompile Include="jdatadst.c">
      <Filter>Source Files</Filter>
    </ClCompile>
    <ClCompile Include="jdatadst-tj.c">
      <Filter>Source Files</Filter>
    </ClCompile>
    <ClCompile Include="jdatasrc.c">
      <Filter>Source Files</Filter>
    </ClCompile>
    <ClCompile Include="jdatasrc-tj.c">
      <Filter>Source Files</Filter>
    </ClCompile>
    <ClCompile Include="jdcoefct.c">
      <Filter>Source Files</Filter>
    </ClCompile>
    <ClCompile Include="jdcolor.c">
      <Filter>Source Files</Filter>
    </ClCompile>
    <ClCompile Include="jddctmgr.c">
      <Filter>Source Files</Filter>
    </ClCompile>
    <ClCompile Include="jdhuff.c">
      <Filter>Source Files</Filter>
    </ClCompile>
    <ClCompile Include="jdinput.c">
      <Filter>Source Files</Filter>
    </ClCompile>
    <ClCompile Include="jdmainct.c">
      <Filter>Source Files</Filter>
    </ClCompile>
    <ClCompile Include="jdmarker.c">
      <Filter>Source Files</Filter>
    </ClCompile>
    <ClCompile Include="jdmaster.c">
      <Filter>Source Files</Filter>
    </ClCompile>
    <ClCompile Include="jdmerge.c">
      <Filter>Source Files</Filter>
    </ClCompile>
    <ClCompile Include="jdphuff.c">
      <Filter>Source Files</Filter>
    </ClCompile>
    <ClCompile Include="jdpostct.c">
      <Filter>Source Files</Filter>
    </ClCompile>
    <ClCompile Include="jdsample.c">
      <Filter>Source Files</Filter>
    </ClCompile>
    <ClCompile Include="jdtrans.c">
      <Filter>Source Files</Filter>
    </ClCompile>
    <ClCompile Include="jerror.c">
      <Filter>Source Files</Filter>
    </ClCompile>
    <ClCompile Include="jfdctflt.c">
      <Filter>Source Files</Filter>
    </ClCompile>
    <ClCompile Include="jfdctfst.c">
      <Filter>Source Files</Filter>
    </ClCompile>
    <ClCompile Include="jfdctint.c">
      <Filter>Source Files</Filter>
    </ClCompile>
    <ClCompile Include="jidctflt.c">
      <Filter>Source Files</Filter>
    </ClCompile>
    <ClCompile Include="jidctfst.c">
      <Filter>Source Files</Filter>
    </ClCompile>
    <ClCompile Include="jidctint.c">
      <Filter>Source Files</Filter>
    </ClCompile>
    <ClCompile Include="jidctred.c">
      <Filter>Source Files</Filter>
    </ClCompile>
    <ClCompile Include="jmemmgr.c">
      <Filter>Source Files</Filter>
    </ClCompile>
    <ClCompile Include="jmemnobs.c">
      <Filter>Source Files</Filter>
    </ClCompile>
    <ClCompile Include="jquant1.c">
      <Filter>Source Files</Filter>
    </ClCompile>
    <ClCompile Include="jquant2.c">
      <Filter>Source Files</Filter>
    </ClCompile>
    <ClCompile Include="jutils.c">
      <Filter>Source Files</Filter>
    </ClCompile>
    <ClCompile Include="tjutil.c">
      <Filter>Source Files</Filter>
    </ClCompile>
    <ClCompile Include="transupp.c">
      <Filter>Source Files</Filter>
    </ClCompile>
    <ClCompile Include="turbojpeg.c">
      <Filter>Source Files</Filter>
    </ClCompile>
    <ClCompile Include="simd\jsimd_i386.c">
      <Filter>SIMD</Filter>
    </ClCompile>
  </ItemGroup>
  <ItemGroup>
    <ClInclude Include="jchuff.h">
      <Filter>Header Files</Filter>
    </ClInclude>
    <ClInclude Include="jdct.h">
      <Filter>Header Files</Filter>
    </ClInclude>
    <ClInclude Include="jdhuff.h">
      <Filter>Header Files</Filter>
    </ClInclude>
    <ClInclude Include="jerror.h">
      <Filter>Header Files</Filter>
    </ClInclude>
    <ClInclude Include="jinclude.h">
      <Filter>Header Files</Filter>
    </ClInclude>
    <ClInclude Include="jmemsys.h">
      <Filter>Header Files</Filter>
    </ClInclude>
    <ClInclude Include="jmorecfg.h">
      <Filter>Header Files</Filter>
    </ClInclude>
    <ClInclude Include="jpegcomp.h">
      <Filter>Header Files</Filter>
    </ClInclude>
    <ClInclude Include="jpegint.h">
      <Filter>Header Files</Filter>
    </ClInclude>
    <ClInclude Include="jpeglib.h">
      <Filter>Header Files</Filter>
    </ClInclude>
    <ClInclude Include="jsimd.h">
      <Filter>Header Files</Filter>
    </ClInclude>
    <ClInclude Include="jsimddct.h">
      <Filter>Header Files</Filter>
    </ClInclude>
    <ClInclude Include="jversion.h">
      <Filter>Header Files</Filter>
    </ClInclude>
    <ClInclude Include="tjutil.h">
      <Filter>Header Files</Filter>
    </ClInclude>
    <ClInclude Include="transupp.h">
      <Filter>Header Files</Filter>
    </ClInclude>
    <ClInclude Include="turbojpeg.h">
      <Filter>Header Files</Filter>
    </ClInclude>
    <ClInclude Include="config.h">
      <Filter>Header Files</Filter>
    </ClInclude>
    <ClInclude Include="simd\jsimd.h">
      <Filter>SIMD</Filter>
    </ClInclude>
    <ClInclude Include="simd\jsimdcfg.inc.h">
      <Filter>SIMD</Filter>
    </ClInclude>
    <ClInclude Include="..\..\Include\inttypes.h">
      <Filter>Header Files</Filter>
    </ClInclude>
    <ClInclude Include="..\..\Include\jconfig.h">
      <Filter>Header Files</Filter>
    </ClInclude>
    <ClInclude Include="..\..\Include\jerror.h">
      <Filter>Header Files</Filter>
    </ClInclude>
    <ClInclude Include="..\..\Include\jmorecfg.h">
      <Filter>Header Files</Filter>
    </ClInclude>
    <ClInclude Include="..\..\Include\jpegint.h">
      <Filter>Header Files</Filter>
    </ClInclude>
    <ClInclude Include="..\..\Include\jpeglib.h">
      <Filter>Header Files</Filter>
    </ClInclude>
    <ClInclude Include="..\..\Include\turbojpeg.h">
      <Filter>Header Files</Filter>
    </ClInclude>
  </ItemGroup>
  <ItemGroup>
    <CustomBuild Include="simd\jsimdcpu.asm">
      <Filter>SIMD\asm</Filter>
    </CustomBuild>
    <CustomBuild Include="simd\jiss2red.asm">
      <Filter>SIMD\asm</Filter>
    </CustomBuild>
    <CustomBuild Include="simd\jiss2int.asm">
      <Filter>SIMD\asm</Filter>
    </CustomBuild>
    <CustomBuild Include="simd\jiss2fst.asm">
      <Filter>SIMD\asm</Filter>
    </CustomBuild>
    <CustomBuild Include="simd\jiss2flt.asm">
      <Filter>SIMD\asm</Filter>
    </CustomBuild>
    <CustomBuild Include="simd\jimmxred.asm">
      <Filter>SIMD\asm</Filter>
    </CustomBuild>
    <CustomBuild Include="simd\jimmxint.asm">
      <Filter>SIMD\asm</Filter>
    </CustomBuild>
    <CustomBuild Include="simd\jimmxfst.asm">
      <Filter>SIMD\asm</Filter>
    </CustomBuild>
    <CustomBuild Include="simd\ji3dnflt.asm">
      <Filter>SIMD\asm</Filter>
    </CustomBuild>
    <CustomBuild Include="simd\jfsseflt.asm">
      <Filter>SIMD\asm</Filter>
    </CustomBuild>
    <CustomBuild Include="simd\jfss2int.asm">
      <Filter>SIMD\asm</Filter>
    </CustomBuild>
    <CustomBuild Include="simd\jfss2fst.asm">
      <Filter>SIMD\asm</Filter>
    </CustomBuild>
    <CustomBuild Include="simd\jfmmxint.asm">
      <Filter>SIMD\asm</Filter>
    </CustomBuild>
    <CustomBuild Include="simd\jfmmxfst.asm">
      <Filter>SIMD\asm</Filter>
    </CustomBuild>
    <CustomBuild Include="simd\jf3dnflt.asm">
      <Filter>SIMD\asm</Filter>
    </CustomBuild>
    <CustomBuild Include="simd\jdsamss2.asm">
      <Filter>SIMD\asm</Filter>
    </CustomBuild>
    <CustomBuild Include="simd\jdsammmx.asm">
      <Filter>SIMD\asm</Filter>
    </CustomBuild>
    <CustomBuild Include="simd\jdmerss2.asm">
      <Filter>SIMD\asm</Filter>
    </CustomBuild>
    <CustomBuild Include="simd\jdmermmx.asm">
      <Filter>SIMD\asm</Filter>
    </CustomBuild>
    <CustomBuild Include="simd\jdcolss2.asm">
      <Filter>SIMD\asm</Filter>
    </CustomBuild>
    <CustomBuild Include="simd\jdcolmmx.asm">
      <Filter>SIMD\asm</Filter>
    </CustomBuild>
    <CustomBuild Include="simd\jcsamss2.asm">
      <Filter>SIMD\asm</Filter>
    </CustomBuild>
    <CustomBuild Include="simd\jcsammmx.asm">
      <Filter>SIMD\asm</Filter>
    </CustomBuild>
    <CustomBuild Include="simd\jcqntsse.asm">
      <Filter>SIMD\asm</Filter>
    </CustomBuild>
    <CustomBuild Include="simd\jcqnts2i.asm">
      <Filter>SIMD\asm</Filter>
    </CustomBuild>
    <CustomBuild Include="simd\jcqnts2f.asm">
      <Filter>SIMD\asm</Filter>
    </CustomBuild>
    <CustomBuild Include="simd\jcqntmmx.asm">
      <Filter>SIMD\asm</Filter>
    </CustomBuild>
    <CustomBuild Include="simd\jcqnt3dn.asm">
      <Filter>SIMD\asm</Filter>
    </CustomBuild>
    <CustomBuild Include="simd\jcgrass2.asm">
      <Filter>SIMD\asm</Filter>
    </CustomBuild>
    <CustomBuild Include="simd\jcgrammx.asm">
      <Filter>SIMD\asm</Filter>
    </CustomBuild>
    <CustomBuild Include="simd\jccolss2.asm">
      <Filter>SIMD\asm</Filter>
    </CustomBuild>
    <CustomBuild Include="simd\jccolmmx.asm">
      <Filter>SIMD\asm</Filter>
    </CustomBuild>
    <CustomBuild Include="simd\jisseflt.asm">
      <Filter>SIMD\asm</Filter>
    </CustomBuild>
  </ItemGroup>
</Project>