<?xml version="1.0" encoding="utf-8"?>
<Project ToolsVersion="4.0" xmlns="http://schemas.microsoft.com/developer/msbuild/2003">
  <ItemGroup>
    <Filter Include="Source Files">
      <UniqueIdentifier>{d4696d60-f26b-45c0-80ef-d22402afafc5}</UniqueIdentifier>
      <Extensions>cpp;c;cxx;rc;def;r;odl;hpj;bat;for;f90</Extensions>
    </Filter>
    <Filter Include="Header Files">
      <UniqueIdentifier>{95fefb27-2d1f-4043-92b2-506fcaa85522}</UniqueIdentifier>
      <Extensions>h;hpp;hxx;hm;inl;fi;fd</Extensions>
    </Filter>
    <Filter Include="Resource Files">
      <UniqueIdentifier>{f961f15f-e1dd-42d7-96a5-ae9925a9b7a2}</UniqueIdentifier>
      <Extensions>ico;cur;bmp;dlg;rc2;rct;bin;cnt;rtf;gif;jpg;jpeg;jpe</Extensions>
    </Filter>
    <Filter Include="Generated Files">
      <UniqueIdentifier>{212babfc-ca49-4f6a-8314-2781cd2f051a}</UniqueIdentifier>
    </Filter>
    <Filter Include="Testing">
      <UniqueIdentifier>{043fc8d8-dc1f-4742-b22e-a8ca035954bb}</UniqueIdentifier>
    </Filter>
  </ItemGroup>
  <ItemGroup>
    <ClCompile Include="Application.cpp">
      <Filter>Source Files</Filter>
    </ClCompile>
    <ClCompile Include="Commands.cpp">
      <Filter>Source Files</Filter>
    </ClCompile>
    <ClCompile Include="CompressFile.cpp">
      <Filter>Source Files</Filter>
    </ClCompile>
    <ClCompile Include="Core.cpp">
      <Filter>Source Files</Filter>
    </ClCompile>
    <ClCompile Include="DisplayDialog.cpp">
      <Filter>Source Files</Filter>
    </ClCompile>
    <ClCompile Include="Email.cpp">
      <Filter>Source Files</Filter>
    </ClCompile>
    <ClCompile Include="Folder.cpp">
      <Filter>Source Files</Filter>
    </ClCompile>
    <ClCompile Include="ImageColor.cpp">
      <Filter>Source Files</Filter>
    </ClCompile>
    <ClCompile Include="ImageConversion.cpp">
      <Filter>Source Files</Filter>
    </ClCompile>
    <ClCompile Include="ImageDataObject.cpp">
      <Filter>Source Files</Filter>
    </ClCompile>
    <ClCompile Include="ImageFilter.cpp">
      <Filter>Source Files</Filter>
    </ClCompile>
    <ClCompile Include="ImageMetaData.cpp">
      <Filter>Source Files</Filter>
    </ClCompile>
    <ClCompile Include="ImageProcessing.cpp">
      <Filter>Source Files</Filter>
    </ClCompile>
    <ClCompile Include="ImageRotate.cpp">
      <Filter>Source Files</Filter>
    </ClCompile>
    <ClCompile Include="ImageScale.cpp">
      <Filter>Source Files</Filter>
    </ClCompile>
    <ClCompile Include="Imaging.cpp">
      <Filter>Source Files</Filter>
    </ClCompile>
    <ClCompile Include="ImagingRotation.cpp">
      <Filter>Source Files</Filter>
    </ClCompile>
    <ClCompile Include="ImagingScale.cpp">
      <Filter>Source Files</Filter>
    </ClCompile>
    <ClCompile Include="JpegMemory.cpp">
      <Filter>Source Files</Filter>
    </ClCompile>
    <ClCompile Include="JpegTran.cpp">
      <Filter>Source Files</Filter>
    </ClCompile>
    <ClCompile Include="Load.cpp">
      <Filter>Source Files</Filter>
    </ClCompile>
    <ClCompile Include="LoadAny.cpp">
      <Filter>Source Files</Filter>
    </ClCompile>
    <ClCompile Include="LoadBmp.cpp">
      <Filter>Source Files</Filter>
    </ClCompile>
    <ClCompile Include="LoadCompoundDoc.cpp">
      <Filter>Source Files</Filter>
    </ClCompile>
    <ClCompile Include="LoadJpg.cpp">
      <Filter>Source Files</Filter>
    </ClCompile>
    <ClCompile Include="LoadMetaFile.cpp">
      <Filter>Source Files</Filter>
    </ClCompile>
    <ClCompile Include="LoadPng.cpp">
      <Filter>Source Files</Filter>
    </ClCompile>
    <ClCompile Include="LoadPsd.cpp">
      <Filter>Source Files</Filter>
    </ClCompile>
    <ClCompile Include="LoadTiff.cpp">
      <Filter>Source Files</Filter>
    </ClCompile>
    <ClCompile Include="LoadWpg.cpp">
      <Filter>Source Files</Filter>
    </ClCompile>
    <ClCompile Include="Lock.cpp">
      <Filter>Source Files</Filter>
    </ClCompile>
    <ClCompile Include="LogoWindow.cpp">
      <Filter>Source Files</Filter>
    </ClCompile>
    <ClCompile Include="Main.cpp">
      <Filter>Source Files</Filter>
    </ClCompile>
    <ClCompile Include="md5.cpp">
      <Filter>Source Files</Filter>
    </ClCompile>
    <ClCompile Include="Mmx.cpp">
      <Filter>Source Files</Filter>
    </ClCompile>
    <ClCompile Include="PlugProtocol.cpp">
      <Filter>Source Files</Filter>
    </ClCompile>
    <ClCompile Include="PrintFolder.cpp">
      <Filter>Source Files</Filter>
    </ClCompile>
    <ClCompile Include="PropertyArchiveRegistry.cpp">
      <Filter>Source Files</Filter>
    </ClCompile>
    <ClCompile Include="PropertyEXIF.cpp">
      <Filter>Source Files</Filter>
    </ClCompile>
    <ClCompile Include="PropertyHost.cpp">
      <Filter>Source Files</Filter>
    </ClCompile>
    <ClCompile Include="PropertyICC.cpp">
      <Filter>Source Files</Filter>
    </ClCompile>
    <ClCompile Include="PropertyIPTC.cpp">
      <Filter>Source Files</Filter>
    </ClCompile>
    <ClCompile Include="PropertyXMP.cpp">
      <Filter>Source Files</Filter>
    </ClCompile>
    <ClCompile Include="Quantize.cpp">
      <Filter>Source Files</Filter>
    </ClCompile>
    <ClCompile Include="Render.cpp">
      <Filter>Source Files</Filter>
    </ClCompile>
    <ClCompile Include="Search.cpp">
      <Filter>Source Files</Filter>
    </ClCompile>
    <ClCompile Include="SimpleZip.cpp">
      <Filter>Source Files</Filter>
    </ClCompile>
    <ClCompile Include="Skin.cpp">
      <Filter>Source Files</Filter>
    </ClCompile>
    <ClCompile Include="SpellEdit.cpp">
      <Filter>Source Files</Filter>
    </ClCompile>
    <ClCompile Include="State.cpp">
      <Filter>Source Files</Filter>
    </ClCompile>
    <ClCompile Include="StdAfx.Cpp">
      <Filter>Source Files</Filter>
    </ClCompile>
    <ClCompile Include="StillImage.cpp">
      <Filter>Source Files</Filter>
    </ClCompile>
    <ClCompile Include="strings.cpp">
      <Filter>Source Files</Filter>
    </ClCompile>
    <ClCompile Include="TemplateParser.cpp">
      <Filter>Source Files</Filter>
    </ClCompile>
    <ClCompile Include="TestDlg.cpp">
      <Filter>Source Files</Filter>
    </ClCompile>
    <ClCompile Include="ThumbnailCache.cpp">
      <Filter>Source Files</Filter>
    </ClCompile>
    <ClCompile Include="ToolContactSheet.cpp">
      <Filter>Source Files</Filter>
    </ClCompile>
    <ClCompile Include="ToolConvert.cpp">
      <Filter>Source Files</Filter>
    </ClCompile>
    <ClCompile Include="ToolJpeg.cpp">
      <Filter>Source Files</Filter>
    </ClCompile>
    <ClCompile Include="ToolResize.cpp">
      <Filter>Source Files</Filter>
    </ClCompile>
    <ClCompile Include="ToolWeb.cpp">
      <Filter>Source Files</Filter>
    </ClCompile>
    <ClCompile Include="Transform.cpp">
      <Filter>Source Files</Filter>
    </ClCompile>
    <ClCompile Include="TwainImpl.cpp">
      <Filter>Source Files</Filter>
    </ClCompile>
    <ClCompile Include="ViewOptions.cpp">
      <Filter>Source Files</Filter>
    </ClCompile>
    <ClCompile Include="Web.cpp">
      <Filter>Source Files</Filter>
    </ClCompile>
    <ClCompile Include="WebSettings.cpp">
      <Filter>Source Files</Filter>
    </ClCompile>
    <ClCompile Include="ImageWalker_i.c">
      <Filter>Generated Files</Filter>
    </ClCompile>
  </ItemGroup>
  <ItemGroup>
    <Midl Include="ImageWalker.idl">
      <Filter>Source Files</Filter>
    </Midl>
  </ItemGroup>
  <ItemGroup>
    <ResourceCompile Include="ImageWalker.rc">
      <Filter>Source Files</Filter>
    </ResourceCompile>
  </ItemGroup>
  <ItemGroup>
    <ClInclude Include="aboutdlg.h">
      <Filter>Header Files</Filter>
    </ClInclude>
    <ClInclude Include="AcceleratorDlg.h">
      <Filter>Header Files</Filter>
    </ClInclude>
    <ClInclude Include="AddCopyrightDlg.h">
      <Filter>Header Files</Filter>
    </ClInclude>
    <ClInclude Include="AddressBar.h">
      <Filter>Header Files</Filter>
    </ClInclude>
    <ClInclude Include="AnimateWindow.h">
      <Filter>Header Files</Filter>
    </ClInclude>
    <ClInclude Include="Animator.h">
      <Filter>Header Files</Filter>
    </ClInclude>
    <ClInclude Include="Application.h">
      <Filter>Header Files</Filter>
    </ClInclude>
    <ClInclude Include="AssociationDlg.h">
      <Filter>Header Files</Filter>
    </ClInclude>
    <ClInclude Include="BackBuffer.h">
      <Filter>Header Files</Filter>
    </ClInclude>
    <ClInclude Include="Base.h">
      <Filter>Header Files</Filter>
    </ClInclude>
    <ClInclude Include="Blitter.h">
      <Filter>Header Files</Filter>
    </ClInclude>
    <ClInclude Include="Capture.h">
      <Filter>Header Files</Filter>
    </ClInclude>
    <ClInclude Include="CaptureDlg.h">
      <Filter>Header Files</Filter>
    </ClInclude>
    <ClInclude Include="CommandBase.h">
      <Filter>Header Files</Filter>
    </ClInclude>
    <ClInclude Include="Commands.h">
      <Filter>Header Files</Filter>
    </ClInclude>
    <ClInclude Include="Core.h">
      <Filter>Header Files</Filter>
    </ClInclude>
    <ClInclude Include="Coupling.h">
      <Filter>Header Files</Filter>
    </ClInclude>
    <ClInclude Include="Delegate.h">
      <Filter>Header Files</Filter>
    </ClInclude>
    <ClInclude Include="DescriptionWindow.h">
      <Filter>Header Files</Filter>
    </ClInclude>
    <ClInclude Include="Dialogs.h">
      <Filter>Header Files</Filter>
    </ClInclude>
    <ClInclude Include="DropTargetImpl.h">
      <Filter>Header Files</Filter>
    </ClInclude>
    <ClInclude Include="Email.h">
      <Filter>Header Files</Filter>
    </ClInclude>
    <ClInclude Include="EmailDlg.h">
      <Filter>Header Files</Filter>
    </ClInclude>
    <ClInclude Include="Exif.h">
      <Filter>Header Files</Filter>
    </ClInclude>
    <ClInclude Include="FileTime.h">
      <Filter>Header Files</Filter>
    </ClInclude>
    <ClInclude Include="FilterScalePage.h">
      <Filter>Header Files</Filter>
    </ClInclude>
    <ClInclude Include="FolderCtrl.h">
      <Filter>Header Files</Filter>
    </ClInclude>
    <ClInclude Include="FolderFrames.h">
      <Filter>Header Files</Filter>
    </ClInclude>
    <ClInclude Include="FolderLayout.h">
      <Filter>Header Files</Filter>
    </ClInclude>
    <ClInclude Include="FolderLoadThread.h">
      <Filter>Header Files</Filter>
    </ClInclude>
    <ClInclude Include="FolderState.h">
      <Filter>Header Files</Filter>
    </ClInclude>
    <ClInclude Include="FolderTreeView.h">
      <Filter>Header Files</Filter>
    </ClInclude>
    <ClInclude Include="FolderWindowDrop.h">
      <Filter>Header Files</Filter>
    </ClInclude>
    <ClInclude Include="FolderWindowImpl.h">
      <Filter>Header Files</Filter>
    </ClInclude>
    <ClInclude Include="Help.h">
      <Filter>Header Files</Filter>
    </ClInclude>
    <ClInclude Include="Html.h">
      <Filter>Header Files</Filter>
    </ClInclude>
    <ClInclude Include="Icons.h">
      <Filter>Header Files</Filter>
    </ClInclude>
    <ClInclude Include="ImageCtrl.h">
      <Filter>Header Files</Filter>
    </ClInclude>
    <ClInclude Include="ImageDataObject.h">
      <Filter>Header Files</Filter>
    </ClInclude>
    <ClInclude Include="ImageFileDialog.h">
      <Filter>Header Files</Filter>
    </ClInclude>
    <ClInclude Include="ImageFilter.h">
      <Filter>Header Files</Filter>
    </ClInclude>
    <ClInclude Include="ImageFrames.h">
      <Filter>Header Files</Filter>
    </ClInclude>
    <ClInclude Include="ImageLoaderThread.h">
      <Filter>Header Files</Filter>
    </ClInclude>
    <ClInclude Include="ImageMetaData.h">
      <Filter>Header Files</Filter>
    </ClInclude>
    <ClInclude Include="ImageNavigation.h">
      <Filter>Header Files</Filter>
    </ClInclude>
    <ClInclude Include="ImageProcessing.h">
      <Filter>Header Files</Filter>
    </ClInclude>
    <ClInclude Include="ImageState.h">
      <Filter>Header Files</Filter>
    </ClInclude>
    <ClInclude Include="ImageStreams.h">
      <Filter>Header Files</Filter>
    </ClInclude>
    <ClInclude Include="ImageTools.h">
      <Filter>Header Files</Filter>
    </ClInclude>
    <ClInclude Include="ImageWalker.h">
      <Filter>Header Files</Filter>
    </ClInclude>
    <ClInclude Include="ImageWalkerCOM.h">
      <Filter>Header Files</Filter>
    </ClInclude>
    <ClInclude Include="ImageWindowImpl.h">
      <Filter>Header Files</Filter>
    </ClInclude>
    <ClInclude Include="Imaging.h">
      <Filter>Header Files</Filter>
    </ClInclude>
    <ClInclude Include="Items.h">
      <Filter>Header Files</Filter>
    </ClInclude>
    <ClInclude Include="Jpeg.h">
      <Filter>Header Files</Filter>
    </ClInclude>
    <ClInclude Include="JpegTran.h">
      <Filter>Header Files</Filter>
    </ClInclude>
    <ClInclude Include="Layout.h">
      <Filter>Header Files</Filter>
    </ClInclude>
    <ClInclude Include="Load.h">
      <Filter>Header Files</Filter>
    </ClInclude>
    <ClInclude Include="LoadAny.h">
      <Filter>Header Files</Filter>
    </ClInclude>
    <ClInclude Include="LoadBmp.h">
      <Filter>Header Files</Filter>
    </ClInclude>
    <ClInclude Include="LoadCompoundDoc.h">
      <Filter>Header Files</Filter>
    </ClInclude>
    <ClInclude Include="LoadJpg.h">
      <Filter>Header Files</Filter>
    </ClInclude>
    <ClInclude Include="LoadMedia.h">
      <Filter>Header Files</Filter>
    </ClInclude>
    <ClInclude Include="LoadMetaFile.h">
      <Filter>Header Files</Filter>
    </ClInclude>
    <ClInclude Include="LoadPng.h">
      <Filter>Header Files</Filter>
    </ClInclude>
    <ClInclude Include="LoadPsd.h">
      <Filter>Header Files</Filter>
    </ClInclude>
    <ClInclude Include="LoadTiff.h">
      <Filter>Header Files</Filter>
    </ClInclude>
    <ClInclude Include="LoadWpg.h">
      <Filter>Header Files</Filter>
    </ClInclude>
    <ClInclude Include="Lock.h">
      <Filter>Header Files</Filter>
    </ClInclude>
    <ClInclude Include="LogoWindow.h">
      <Filter>Header Files</Filter>
    </ClInclude>
    <ClInclude Include="mainfrm.h">
      <Filter>Header Files</Filter>
    </ClInclude>
    <ClInclude Include="md5.h">
      <Filter>Header Files</Filter>
    </ClInclude>
    <ClInclude Include="Memory.h">
      <Filter>Header Files</Filter>
    </ClInclude>
    <ClInclude Include="MultiImageTransform.h">
      <Filter>Header Files</Filter>
    </ClInclude>
    <ClInclude Include="NormalView.h">
      <Filter>Header Files</Filter>
    </ClInclude>
    <ClInclude Include="PaletteWindow.h">
      <Filter>Header Files</Filter>
    </ClInclude>
    <ClInclude Include="PlayListState.h">
      <Filter>Header Files</Filter>
    </ClInclude>
    <ClInclude Include="PlayListView.h">
      <Filter>Header Files</Filter>
    </ClInclude>
    <ClInclude Include="PluginState.h">
      <Filter>Header Files</Filter>
    </ClInclude>
    <ClInclude Include="PlugProtocol.h">
      <Filter>Header Files</Filter>
    </ClInclude>
    <ClInclude Include="PrintFolder.h">
      <Filter>Header Files</Filter>
    </ClInclude>
    <ClInclude Include="PrintView.h">
      <Filter>Header Files</Filter>
    </ClInclude>
    <ClInclude Include="ProgressDlg.h">
      <Filter>Header Files</Filter>
    </ClInclude>
    <ClInclude Include="PropertyArchiveRegistry.h">
      <Filter>Header Files</Filter>
    </ClInclude>
    <ClInclude Include="PropertyEXIF.h">
      <Filter>Header Files</Filter>
    </ClInclude>
    <ClInclude Include="PropertyHost.h">
      <Filter>Header Files</Filter>
    </ClInclude>
    <ClInclude Include="PropertyICC.h">
      <Filter>Header Files</Filter>
    </ClInclude>
    <ClInclude Include="PropertyIPTC.h">
      <Filter>Header Files</Filter>
    </ClInclude>
    <ClInclude Include="PropertyXMP.h">
      <Filter>Header Files</Filter>
    </ClInclude>
    <ClInclude Include="ReadWriteLock.h">
      <Filter>Header Files</Filter>
    </ClInclude>
    <ClInclude Include="RegistrationDlg.h">
      <Filter>Header Files</Filter>
    </ClInclude>
    <ClInclude Include="RenameDlg.h">
      <Filter>Header Files</Filter>
    </ClInclude>
    <ClInclude Include="Render.h">
      <Filter>Header Files</Filter>
    </ClInclude>
    <ClInclude Include="RenderSurface.h">
      <Filter>Header Files</Filter>
    </ClInclude>
    <ClInclude Include="Report.h">
      <Filter>Header Files</Filter>
    </ClInclude>
    <ClInclude Include="resource.h">
      <Filter>Header Files</Filter>
    </ClInclude>
    <ClInclude Include="Scale.h">
      <Filter>Header Files</Filter>
    </ClInclude>
    <ClInclude Include="ScaleBar.h">
      <Filter>Header Files</Filter>
    </ClInclude>
    <ClInclude Include="SearchDlg.h">
      <Filter>Header Files</Filter>
    </ClInclude>
    <ClInclude Include="SearchSpec.h">
      <Filter>Header Files</Filter>
    </ClInclude>
    <ClInclude Include="serialize.h">
      <Filter>Header Files</Filter>
    </ClInclude>
    <ClInclude Include="Shell.h">
      <Filter>Header Files</Filter>
    </ClInclude>
    <ClInclude Include="ShellMenu.h">
      <Filter>Header Files</Filter>
    </ClInclude>
    <ClInclude Include="SimpleZip.h">
      <Filter>Header Files</Filter>
    </ClInclude>
    <ClInclude Include="..\..\Include\skin.h">
      <Filter>Header Files</Filter>
    </ClInclude>
    <ClInclude Include="SkinedStatusBarCtrl.h">
      <Filter>Header Files</Filter>
    </ClInclude>
    <ClInclude Include="SlideShowView.h">
      <Filter>Header Files</Filter>
    </ClInclude>
    <ClInclude Include="SortDlg.h">
      <Filter>Header Files</Filter>
    </ClInclude>
    <ClInclude Include="SpellEdit.h">
      <Filter>Header Files</Filter>
    </ClInclude>
    <ClInclude Include="State.h">
      <Filter>Header Files</Filter>
    </ClInclude>
    <ClInclude Include="StdAfx.h">
      <Filter>Header Files</Filter>
    </ClInclude>
    <ClInclude Include="StillImage.h">
      <Filter>Header Files</Filter>
    </ClInclude>
    <ClInclude Include="Streams.h">
      <Filter>Header Files</Filter>
    </ClInclude>
    <ClInclude Include="Strings.h">
      <Filter>Header Files</Filter>
    </ClInclude>
    <ClInclude Include="TagDlg.h">
      <Filter>Header Files</Filter>
    </ClInclude>
    <ClInclude Include="TaskView.h">
      <Filter>Header Files</Filter>
    </ClInclude>
    <ClInclude Include="TestDlg.h">
      <Filter>Header Files</Filter>
    </ClInclude>
    <ClInclude Include="Tests.h">
      <Filter>Header Files</Filter>
    </ClInclude>
    <ClInclude Include="TestView.h">
      <Filter>Header Files</Filter>
    </ClInclude>
    <ClInclude Include="Threads.h">
      <Filter>Header Files</Filter>
    </ClInclude>
    <ClInclude Include="ThumbnailCache.h">
      <Filter>Header Files</Filter>
    </ClInclude>
    <ClInclude Include="ToolContactSheet.h">
      <Filter>Header Files</Filter>
    </ClInclude>
    <ClInclude Include="ToolConvert.h">
      <Filter>Header Files</Filter>
    </ClInclude>
    <ClInclude Include="ToolJpeg.h">
      <Filter>Header Files</Filter>
    </ClInclude>
    <ClInclude Include="ToolResize.h">
      <Filter>Header Files</Filter>
    </ClInclude>
    <ClInclude Include="ToolTipWindow.h">
      <Filter>Header Files</Filter>
    </ClInclude>
    <ClInclude Include="ToolUtils.h">
      <Filter>Header Files</Filter>
    </ClInclude>
    <ClInclude Include="ToolWeb.h">
      <Filter>Header Files</Filter>
    </ClInclude>
    <ClInclude Include="ToolWizard.h">
      <Filter>Header Files</Filter>
    </ClInclude>
    <ClInclude Include="Transactions.h">
      <Filter>Header Files</Filter>
    </ClInclude>
    <ClInclude Include="TwainImpl.h">
      <Filter>Header Files</Filter>
    </ClInclude>
    <ClInclude Include="View.h">
      <Filter>Header Files</Filter>
    </ClInclude>
    <ClInclude Include="ViewOptions.h">
      <Filter>Header Files</Filter>
    </ClInclude>
    <ClInclude Include="WallPaperDlg.h">
      <Filter>Header Files</Filter>
    </ClInclude>
    <ClInclude Include="Web.h">
      <Filter>Header Files</Filter>
    </ClInclude>
    <ClInclude Include="WebBuffer.h">
      <Filter>Header Files</Filter>
    </ClInclude>
    <ClInclude Include="WebFile.h">
      <Filter>Header Files</Filter>
    </ClInclude>
    <ClInclude Include="WebPageDefault.h">
      <Filter>Header Files</Filter>
    </ClInclude>
    <ClInclude Include="WebPageImage.h">
      <Filter>Header Files</Filter>
    </ClInclude>
    <ClInclude Include="WebPageIndex.h">
      <Filter>Header Files</Filter>
    </ClInclude>
    <ClInclude Include="WebPageTemplate.h">
      <Filter>Header Files</Filter>
    </ClInclude>
    <ClInclude Include="WebPageTest.h">
      <Filter>Header Files</Filter>
    </ClInclude>
    <ClInclude Include="WebPageThumbnail.h">
      <Filter>Header Files</Filter>
    </ClInclude>
    <ClInclude Include="WebView.h">
      <Filter>Header Files</Filter>
    </ClInclude>
    <ClInclude Include="WinVer.h">
      <Filter>Header Files</Filter>
    </ClInclude>
    <ClInclude Include="YesNoDlg.h">
      <Filter>Header Files</Filter>
    </ClInclude>
    <ClInclude Include="zstream.h">
      <Filter>Header Files</Filter>
    </ClInclude>
    <ClInclude Include="MainTestDriver.h">
      <Filter>Testing</Filter>
    </ClInclude>
  </ItemGroup>
  <ItemGroup>
    <None Include="..\..\..\..\Documents and Settings\zwalker\Desktop\Art\ImageWalker\bitmap1.bmp">
      <Filter>Resource Files</Filter>
    </None>
    <None Include="Res\bitmap1.bmp">
      <Filter>Resource Files</Filter>
    </None>
    <None Include="Res\bmp00001.bmp">
      <Filter>Resource Files</Filter>
    </None>
    <None Include="Res\caption_hover.bmp">
      <Filter>Resource Files</Filter>
    </None>
    <None Include="..\..\..\..\Documents and Settings\zwalker\Desktop\Art\ImageWalker\caption_hover.bmp">
      <Filter>Resource Files</Filter>
    </None>
    <None Include="Res\ColorSelect.cur">
      <Filter>Resource Files</Filter>
    </None>
    <None Include="..\..\..\..\Documents and Settings\zwalker\Desktop\ColorSelect.cur">
      <Filter>Resource Files</Filter>
    </None>
    <None Include="Res\default.ico">
      <Filter>Resource Files</Filter>
    </None>
    <None Include="Res\folder.ico">
      <Filter>Resource Files</Filter>
    </None>
    <None Include="Res\hand.cur">
      <Filter>Resource Files</Filter>
    </None>
    <None Include="..\..\..\..\Documents and Settings\zwalker\Desktop\HandDown.cur">
      <Filter>Resource Files</Filter>
    </None>
    <None Include="Res\HandDown.cur">
      <Filter>Resource Files</Filter>
    </None>
    <None Include="Res\HandUp.cur">
      <Filter>Resource Files</Filter>
    </None>
    <None Include="..\..\..\..\Documents and Settings\zwalker\Desktop\HandUp.cur">
      <Filter>Resource Files</Filter>
    </None>
    <None Include="Res\idr_main.ico">
      <Filter>Resource Files</Filter>
    </None>
    <None Include="Res\idr_name.ico">
      <Filter>Resource Files</Filter>
    </None>
    <None Include="Res\Image.bmp">
      <Filter>Resource Files</Filter>
    </None>
    <None Include="Res\ImageAlpha.bmp">
      <Filter>Resource Files</Filter>
    </None>
    <None Include="Res\imagewal.ico">
      <Filter>Resource Files</Filter>
    </None>
    <None Include="Res\ImageWalker.ico">
      <Filter>Resource Files</Filter>
    </None>
    <None Include="ImageWalker.rgs">
      <Filter>Resource Files</Filter>
    </None>
    <None Include="imagewalkersvr.rgs">
      <Filter>Resource Files</Filter>
    </None>
    <None Include="..\..\..\..\Documents and Settings\zwalker\Desktop\Insert.cur">
      <Filter>Resource Files</Filter>
    </None>
    <None Include="Res\Insert.cur">
      <Filter>Resource Files</Filter>
    </None>
    <None Include="MainTestDriver.rgs">
      <Filter>Resource Files</Filter>
    </None>
    <None Include="Res\move.cur">
      <Filter>Resource Files</Filter>
    </None>
    <None Include="PlugProtocol.rgs">
      <Filter>Resource Files</Filter>
    </None>
    <None Include="Res\select.cur">
      <Filter>Resource Files</Filter>
    </None>
    <None Include="..\..\..\..\Documents and Settings\zwalker\Desktop\Art\ImageWalker\skin_cap.bmp">
      <Filter>Resource Files</Filter>
    </None>
    <None Include="Res\skin_cap.bmp">
      <Filter>Resource Files</Filter>
    </None>
    <None Include="Res\sunflowers.jpg">
      <Filter>Resource Files</Filter>
    </None>
    <None Include="Res\ViewOptions.bmp">
      <Filter>Resource Files</Filter>
    </None>
    <None Include="Res\blank.html" />
    <None Include="Res\create tables.sql" />
    <None Include="Res\descript.htm" />
    <None Include="Res\test.html" />
    <None Include="Res\xptheme.xml" />
  </ItemGroup>
  <ItemGroup>
    <Manifest Include="ImageWalker.exe.manifest">
      <Filter>Resource Files</Filter>
    </Manifest>
  </ItemGroup>
</Project>